// !$*UTF8*$!
{
	archiveVersion = 1;
	classes = {
	};
	objectVersion = 56;
	objects = {

/* Begin PBXBuildFile section */
		243863AD2B7CF6DB0031F3CD /* WeatherApp.swift in Sources */ = {isa = PBXBuildFile; fileRef = 243863AC2B7CF6DB0031F3CD /* WeatherApp.swift */; };
		243863AF2B7CF6DB0031F3CD /* MainView.swift in Sources */ = {isa = PBXBuildFile; fileRef = 243863AE2B7CF6DB0031F3CD /* MainView.swift */; };
		243863B12B7CF6DD0031F3CD /* Assets.xcassets in Resources */ = {isa = PBXBuildFile; fileRef = 243863B02B7CF6DD0031F3CD /* Assets.xcassets */; };
		243863B42B7CF6DD0031F3CD /* Preview Assets.xcassets in Resources */ = {isa = PBXBuildFile; fileRef = 243863B32B7CF6DD0031F3CD /* Preview Assets.xcassets */; };
		243863BE2B7CF6DD0031F3CD /* WeatherTests.swift in Sources */ = {isa = PBXBuildFile; fileRef = 243863BD2B7CF6DD0031F3CD /* WeatherTests.swift */; };
		243863C82B7CF6DD0031F3CD /* WeatherUITests.swift in Sources */ = {isa = PBXBuildFile; fileRef = 243863C72B7CF6DD0031F3CD /* WeatherUITests.swift */; };
		243863CA2B7CF6DD0031F3CD /* WeatherUITestsLaunchTests.swift in Sources */ = {isa = PBXBuildFile; fileRef = 243863C92B7CF6DD0031F3CD /* WeatherUITestsLaunchTests.swift */; };
		24C717722B7E10A80071ACE1 /* WeatherView.swift in Sources */ = {isa = PBXBuildFile; fileRef = 24C717712B7E10A80071ACE1 /* WeatherView.swift */; };
		24E30B462B809B7F00E8784B /* ios-weather-ui in Frameworks */ = {isa = PBXBuildFile; productRef = 24E30B452B809B7F00E8784B /* ios-weather-ui */; };
/* End PBXBuildFile section */

/* Begin PBXContainerItemProxy section */
		243863BA2B7CF6DD0031F3CD /* PBXContainerItemProxy */ = {
			isa = PBXContainerItemProxy;
			containerPortal = 243863A12B7CF6DA0031F3CD /* Project object */;
			proxyType = 1;
			remoteGlobalIDString = 243863A82B7CF6DB0031F3CD;
			remoteInfo = Weather;
		};
		243863C42B7CF6DD0031F3CD /* PBXContainerItemProxy */ = {
			isa = PBXContainerItemProxy;
			containerPortal = 243863A12B7CF6DA0031F3CD /* Project object */;
			proxyType = 1;
			remoteGlobalIDString = 243863A82B7CF6DB0031F3CD;
			remoteInfo = Weather;
		};
/* End PBXContainerItemProxy section */

/* Begin PBXFileReference section */
		243863A92B7CF6DB0031F3CD /* Weather.app */ = {isa = PBXFileReference; explicitFileType = wrapper.application; includeInIndex = 0; path = Weather.app; sourceTree = BUILT_PRODUCTS_DIR; };
		243863AC2B7CF6DB0031F3CD /* WeatherApp.swift */ = {isa = PBXFileReference; lastKnownFileType = sourcecode.swift; path = WeatherApp.swift; sourceTree = "<group>"; };
		243863AE2B7CF6DB0031F3CD /* MainView.swift */ = {isa = PBXFileReference; lastKnownFileType = sourcecode.swift; path = MainView.swift; sourceTree = "<group>"; };
		243863B02B7CF6DD0031F3CD /* Assets.xcassets */ = {isa = PBXFileReference; lastKnownFileType = folder.assetcatalog; path = Assets.xcassets; sourceTree = "<group>"; };
		243863B32B7CF6DD0031F3CD /* Preview Assets.xcassets */ = {isa = PBXFileReference; lastKnownFileType = folder.assetcatalog; path = "Preview Assets.xcassets"; sourceTree = "<group>"; };
		243863B92B7CF6DD0031F3CD /* WeatherTests.xctest */ = {isa = PBXFileReference; explicitFileType = wrapper.cfbundle; includeInIndex = 0; path = WeatherTests.xctest; sourceTree = BUILT_PRODUCTS_DIR; };
		243863BD2B7CF6DD0031F3CD /* WeatherTests.swift */ = {isa = PBXFileReference; lastKnownFileType = sourcecode.swift; path = WeatherTests.swift; sourceTree = "<group>"; };
		243863C32B7CF6DD0031F3CD /* WeatherUITests.xctest */ = {isa = PBXFileReference; explicitFileType = wrapper.cfbundle; includeInIndex = 0; path = WeatherUITests.xctest; sourceTree = BUILT_PRODUCTS_DIR; };
		243863C72B7CF6DD0031F3CD /* WeatherUITests.swift */ = {isa = PBXFileReference; lastKnownFileType = sourcecode.swift; path = WeatherUITests.swift; sourceTree = "<group>"; };
		243863C92B7CF6DD0031F3CD /* WeatherUITestsLaunchTests.swift */ = {isa = PBXFileReference; lastKnownFileType = sourcecode.swift; path = WeatherUITestsLaunchTests.swift; sourceTree = "<group>"; };
		24C717712B7E10A80071ACE1 /* WeatherView.swift */ = {isa = PBXFileReference; lastKnownFileType = sourcecode.swift; path = WeatherView.swift; sourceTree = "<group>"; };
/* End PBXFileReference section */

/* Begin PBXFrameworksBuildPhase section */
		243863A62B7CF6DB0031F3CD /* Frameworks */ = {
			isa = PBXFrameworksBuildPhase;
			buildActionMask = 2147483647;
			files = (
				24E30B462B809B7F00E8784B /* ios-weather-ui in Frameworks */,
			);
			runOnlyForDeploymentPostprocessing = 0;
		};
		243863B62B7CF6DD0031F3CD /* Frameworks */ = {
			isa = PBXFrameworksBuildPhase;
			buildActionMask = 2147483647;
			files = (
			);
			runOnlyForDeploymentPostprocessing = 0;
		};
		243863C02B7CF6DD0031F3CD /* Frameworks */ = {
			isa = PBXFrameworksBuildPhase;
			buildActionMask = 2147483647;
			files = (
			);
			runOnlyForDeploymentPostprocessing = 0;
		};
/* End PBXFrameworksBuildPhase section */

/* Begin PBXGroup section */
		243863A02B7CF6DA0031F3CD = {
			isa = PBXGroup;
			children = (
				243863AB2B7CF6DB0031F3CD /* Weather */,
				243863BC2B7CF6DD0031F3CD /* WeatherTests */,
				243863C62B7CF6DD0031F3CD /* WeatherUITests */,
				243863AA2B7CF6DB0031F3CD /* Products */,
				24C7176E2B7DF8A60071ACE1 /* Frameworks */,
			);
			sourceTree = "<group>";
		};
		243863AA2B7CF6DB0031F3CD /* Products */ = {
			isa = PBXGroup;
			children = (
				243863A92B7CF6DB0031F3CD /* Weather.app */,
				243863B92B7CF6DD0031F3CD /* WeatherTests.xctest */,
				243863C32B7CF6DD0031F3CD /* WeatherUITests.xctest */,
			);
			name = Products;
			sourceTree = "<group>";
		};
		243863AB2B7CF6DB0031F3CD /* Weather */ = {
			isa = PBXGroup;
			children = (
				248207642B7E923800C8E353 /* Views */,
				243863B02B7CF6DD0031F3CD /* Assets.xcassets */,
				243863B22B7CF6DD0031F3CD /* Preview Content */,
			);
			path = Weather;
			sourceTree = "<group>";
		};
		243863B22B7CF6DD0031F3CD /* Preview Content */ = {
			isa = PBXGroup;
			children = (
				243863B32B7CF6DD0031F3CD /* Preview Assets.xcassets */,
			);
			path = "Preview Content";
			sourceTree = "<group>";
		};
		243863BC2B7CF6DD0031F3CD /* WeatherTests */ = {
			isa = PBXGroup;
			children = (
				243863BD2B7CF6DD0031F3CD /* WeatherTests.swift */,
			);
			path = WeatherTests;
			sourceTree = "<group>";
		};
		243863C62B7CF6DD0031F3CD /* WeatherUITests */ = {
			isa = PBXGroup;
			children = (
				243863C72B7CF6DD0031F3CD /* WeatherUITests.swift */,
				243863C92B7CF6DD0031F3CD /* WeatherUITestsLaunchTests.swift */,
			);
			path = WeatherUITests;
			sourceTree = "<group>";
		};
		248207642B7E923800C8E353 /* Views */ = {
			isa = PBXGroup;
			children = (
				243863AC2B7CF6DB0031F3CD /* WeatherApp.swift */,
				243863AE2B7CF6DB0031F3CD /* MainView.swift */,
				24C717712B7E10A80071ACE1 /* WeatherView.swift */,
			);
			path = Views;
			sourceTree = "<group>";
		};
		24C7176E2B7DF8A60071ACE1 /* Frameworks */ = {
			isa = PBXGroup;
			children = (
			);
			name = Frameworks;
			sourceTree = "<group>";
		};
/* End PBXGroup section */

/* Begin PBXNativeTarget section */
		243863A82B7CF6DB0031F3CD /* Weather */ = {
			isa = PBXNativeTarget;
			buildConfigurationList = 243863CD2B7CF6DD0031F3CD /* Build configuration list for PBXNativeTarget "Weather" */;
			buildPhases = (
				243863A52B7CF6DB0031F3CD /* Sources */,
				243863A62B7CF6DB0031F3CD /* Frameworks */,
				243863A72B7CF6DB0031F3CD /* Resources */,
			);
			buildRules = (
			);
			dependencies = (
			);
			name = Weather;
			packageProductDependencies = (
				24E30B452B809B7F00E8784B /* ios-weather-ui */,
			);
			productName = Weather;
			productReference = 243863A92B7CF6DB0031F3CD /* Weather.app */;
			productType = "com.apple.product-type.application";
		};
		243863B82B7CF6DD0031F3CD /* WeatherTests */ = {
			isa = PBXNativeTarget;
			buildConfigurationList = 243863D02B7CF6DD0031F3CD /* Build configuration list for PBXNativeTarget "WeatherTests" */;
			buildPhases = (
				243863B52B7CF6DD0031F3CD /* Sources */,
				243863B62B7CF6DD0031F3CD /* Frameworks */,
				243863B72B7CF6DD0031F3CD /* Resources */,
			);
			buildRules = (
			);
			dependencies = (
				243863BB2B7CF6DD0031F3CD /* PBXTargetDependency */,
			);
			name = WeatherTests;
			productName = WeatherTests;
			productReference = 243863B92B7CF6DD0031F3CD /* WeatherTests.xctest */;
			productType = "com.apple.product-type.bundle.unit-test";
		};
		243863C22B7CF6DD0031F3CD /* WeatherUITests */ = {
			isa = PBXNativeTarget;
			buildConfigurationList = 243863D32B7CF6DD0031F3CD /* Build configuration list for PBXNativeTarget "WeatherUITests" */;
			buildPhases = (
				243863BF2B7CF6DD0031F3CD /* Sources */,
				243863C02B7CF6DD0031F3CD /* Frameworks */,
				243863C12B7CF6DD0031F3CD /* Resources */,
			);
			buildRules = (
			);
			dependencies = (
				243863C52B7CF6DD0031F3CD /* PBXTargetDependency */,
			);
			name = WeatherUITests;
			productName = WeatherUITests;
			productReference = 243863C32B7CF6DD0031F3CD /* WeatherUITests.xctest */;
			productType = "com.apple.product-type.bundle.ui-testing";
		};
/* End PBXNativeTarget section */

/* Begin PBXProject section */
		243863A12B7CF6DA0031F3CD /* Project object */ = {
			isa = PBXProject;
			attributes = {
				BuildIndependentTargetsInParallel = 1;
				LastSwiftUpdateCheck = 1520;
				LastUpgradeCheck = 1520;
				TargetAttributes = {
					243863A82B7CF6DB0031F3CD = {
						CreatedOnToolsVersion = 15.2;
					};
					243863B82B7CF6DD0031F3CD = {
						CreatedOnToolsVersion = 15.2;
						TestTargetID = 243863A82B7CF6DB0031F3CD;
					};
					243863C22B7CF6DD0031F3CD = {
						CreatedOnToolsVersion = 15.2;
						TestTargetID = 243863A82B7CF6DB0031F3CD;
					};
				};
			};
			buildConfigurationList = 243863A42B7CF6DA0031F3CD /* Build configuration list for PBXProject "Weather" */;
			compatibilityVersion = "Xcode 14.0";
			developmentRegion = en;
			hasScannedForEncodings = 0;
			knownRegions = (
				en,
				Base,
			);
			mainGroup = 243863A02B7CF6DA0031F3CD;
			packageReferences = (
				24E30B442B809B7F00E8784B /* XCRemoteSwiftPackageReference "ios-weather-ui" */,
			);
			productRefGroup = 243863AA2B7CF6DB0031F3CD /* Products */;
			projectDirPath = "";
			projectRoot = "";
			targets = (
				243863A82B7CF6DB0031F3CD /* Weather */,
				243863B82B7CF6DD0031F3CD /* WeatherTests */,
				243863C22B7CF6DD0031F3CD /* WeatherUITests */,
			);
		};
/* End PBXProject section */

/* Begin PBXResourcesBuildPhase section */
		243863A72B7CF6DB0031F3CD /* Resources */ = {
			isa = PBXResourcesBuildPhase;
			buildActionMask = 2147483647;
			files = (
				243863B42B7CF6DD0031F3CD /* Preview Assets.xcassets in Resources */,
				243863B12B7CF6DD0031F3CD /* Assets.xcassets in Resources */,
			);
			runOnlyForDeploymentPostprocessing = 0;
		};
		243863B72B7CF6DD0031F3CD /* Resources */ = {
			isa = PBXResourcesBuildPhase;
			buildActionMask = 2147483647;
			files = (
			);
			runOnlyForDeploymentPostprocessing = 0;
		};
		243863C12B7CF6DD0031F3CD /* Resources */ = {
			isa = PBXResourcesBuildPhase;
			buildActionMask = 2147483647;
			files = (
			);
			runOnlyForDeploymentPostprocessing = 0;
		};
/* End PBXResourcesBuildPhase section */

/* Begin PBXSourcesBuildPhase section */
		243863A52B7CF6DB0031F3CD /* Sources */ = {
			isa = PBXSourcesBuildPhase;
			buildActionMask = 2147483647;
			files = (
				24C717722B7E10A80071ACE1 /* WeatherView.swift in Sources */,
				243863AF2B7CF6DB0031F3CD /* MainView.swift in Sources */,
				243863AD2B7CF6DB0031F3CD /* WeatherApp.swift in Sources */,
			);
			runOnlyForDeploymentPostprocessing = 0;
		};
		243863B52B7CF6DD0031F3CD /* Sources */ = {
			isa = PBXSourcesBuildPhase;
			buildActionMask = 2147483647;
			files = (
				243863BE2B7CF6DD0031F3CD /* WeatherTests.swift in Sources */,
			);
			runOnlyForDeploymentPostprocessing = 0;
		};
		243863BF2B7CF6DD0031F3CD /* Sources */ = {
			isa = PBXSourcesBuildPhase;
			buildActionMask = 2147483647;
			files = (
				243863C82B7CF6DD0031F3CD /* WeatherUITests.swift in Sources */,
				243863CA2B7CF6DD0031F3CD /* WeatherUITestsLaunchTests.swift in Sources */,
			);
			runOnlyForDeploymentPostprocessing = 0;
		};
/* End PBXSourcesBuildPhase section */

/* Begin PBXTargetDependency section */
		243863BB2B7CF6DD0031F3CD /* PBXTargetDependency */ = {
			isa = PBXTargetDependency;
			target = 243863A82B7CF6DB0031F3CD /* Weather */;
			targetProxy = 243863BA2B7CF6DD0031F3CD /* PBXContainerItemProxy */;
		};
		243863C52B7CF6DD0031F3CD /* PBXTargetDependency */ = {
			isa = PBXTargetDependency;
			target = 243863A82B7CF6DB0031F3CD /* Weather */;
			targetProxy = 243863C42B7CF6DD0031F3CD /* PBXContainerItemProxy */;
		};
/* End PBXTargetDependency section */

/* Begin XCBuildConfiguration section */
		243863CB2B7CF6DD0031F3CD /* Debug */ = {
			isa = XCBuildConfiguration;
			buildSettings = {
				ALWAYS_SEARCH_USER_PATHS = NO;
				ASSETCATALOG_COMPILER_GENERATE_SWIFT_ASSET_SYMBOL_EXTENSIONS = YES;
				CLANG_ANALYZER_NONNULL = YES;
				CLANG_ANALYZER_NUMBER_OBJECT_CONVERSION = YES_AGGRESSIVE;
				CLANG_CXX_LANGUAGE_STANDARD = "gnu++20";
				CLANG_ENABLE_MODULES = YES;
				CLANG_ENABLE_OBJC_ARC = YES;
				CLANG_ENABLE_OBJC_WEAK = YES;
				CLANG_WARN_BLOCK_CAPTURE_AUTORELEASING = YES;
				CLANG_WARN_BOOL_CONVERSION = YES;
				CLANG_WARN_COMMA = YES;
				CLANG_WARN_CONSTANT_CONVERSION = YES;
				CLANG_WARN_DEPRECATED_OBJC_IMPLEMENTATIONS = YES;
				CLANG_WARN_DIRECT_OBJC_ISA_USAGE = YES_ERROR;
				CLANG_WARN_DOCUMENTATION_COMMENTS = YES;
				CLANG_WARN_EMPTY_BODY = YES;
				CLANG_WARN_ENUM_CONVERSION = YES;
				CLANG_WARN_INFINITE_RECURSION = YES;
				CLANG_WARN_INT_CONVERSION = YES;
				CLANG_WARN_NON_LITERAL_NULL_CONVERSION = YES;
				CLANG_WARN_OBJC_IMPLICIT_RETAIN_SELF = YES;
				CLANG_WARN_OBJC_LITERAL_CONVERSION = YES;
				CLANG_WARN_OBJC_ROOT_CLASS = YES_ERROR;
				CLANG_WARN_QUOTED_INCLUDE_IN_FRAMEWORK_HEADER = YES;
				CLANG_WARN_RANGE_LOOP_ANALYSIS = YES;
				CLANG_WARN_STRICT_PROTOTYPES = YES;
				CLANG_WARN_SUSPICIOUS_MOVE = YES;
				CLANG_WARN_UNGUARDED_AVAILABILITY = YES_AGGRESSIVE;
				CLANG_WARN_UNREACHABLE_CODE = YES;
				CLANG_WARN__DUPLICATE_METHOD_MATCH = YES;
				COPY_PHASE_STRIP = NO;
				DEBUG_INFORMATION_FORMAT = dwarf;
				ENABLE_STRICT_OBJC_MSGSEND = YES;
				ENABLE_TESTABILITY = YES;
				ENABLE_USER_SCRIPT_SANDBOXING = YES;
				GCC_C_LANGUAGE_STANDARD = gnu17;
				GCC_DYNAMIC_NO_PIC = NO;
				GCC_NO_COMMON_BLOCKS = YES;
				GCC_OPTIMIZATION_LEVEL = 0;
				GCC_PREPROCESSOR_DEFINITIONS = (
					"DEBUG=1",
					"$(inherited)",
				);
				GCC_WARN_64_TO_32_BIT_CONVERSION = YES;
				GCC_WARN_ABOUT_RETURN_TYPE = YES_ERROR;
				GCC_WARN_UNDECLARED_SELECTOR = YES;
				GCC_WARN_UNINITIALIZED_AUTOS = YES_AGGRESSIVE;
				GCC_WARN_UNUSED_FUNCTION = YES;
				GCC_WARN_UNUSED_VARIABLE = YES;
				IPHONEOS_DEPLOYMENT_TARGET = 17.2;
				LOCALIZATION_PREFERS_STRING_CATALOGS = YES;
				MTL_ENABLE_DEBUG_INFO = INCLUDE_SOURCE;
				MTL_FAST_MATH = YES;
				ONLY_ACTIVE_ARCH = YES;
				SDKROOT = iphoneos;
				SWIFT_ACTIVE_COMPILATION_CONDITIONS = "DEBUG $(inherited)";
				SWIFT_OPTIMIZATION_LEVEL = "-Onone";
			};
			name = Debug;
		};
		243863CC2B7CF6DD0031F3CD /* Release */ = {
			isa = XCBuildConfiguration;
			buildSettings = {
				ALWAYS_SEARCH_USER_PATHS = NO;
				ASSETCATALOG_COMPILER_GENERATE_SWIFT_ASSET_SYMBOL_EXTENSIONS = YES;
				CLANG_ANALYZER_NONNULL = YES;
				CLANG_ANALYZER_NUMBER_OBJECT_CONVERSION = YES_AGGRESSIVE;
				CLANG_CXX_LANGUAGE_STANDARD = "gnu++20";
				CLANG_ENABLE_MODULES = YES;
				CLANG_ENABLE_OBJC_ARC = YES;
				CLANG_ENABLE_OBJC_WEAK = YES;
				CLANG_WARN_BLOCK_CAPTURE_AUTORELEASING = YES;
				CLANG_WARN_BOOL_CONVERSION = YES;
				CLANG_WARN_COMMA = YES;
				CLANG_WARN_CONSTANT_CONVERSION = YES;
				CLANG_WARN_DEPRECATED_OBJC_IMPLEMENTATIONS = YES;
				CLANG_WARN_DIRECT_OBJC_ISA_USAGE = YES_ERROR;
				CLANG_WARN_DOCUMENTATION_COMMENTS = YES;
				CLANG_WARN_EMPTY_BODY = YES;
				CLANG_WARN_ENUM_CONVERSION = YES;
				CLANG_WARN_INFINITE_RECURSION = YES;
				CLANG_WARN_INT_CONVERSION = YES;
				CLANG_WARN_NON_LITERAL_NULL_CONVERSION = YES;
				CLANG_WARN_OBJC_IMPLICIT_RETAIN_SELF = YES;
				CLANG_WARN_OBJC_LITERAL_CONVERSION = YES;
				CLANG_WARN_OBJC_ROOT_CLASS = YES_ERROR;
				CLANG_WARN_QUOTED_INCLUDE_IN_FRAMEWORK_HEADER = YES;
				CLANG_WARN_RANGE_LOOP_ANALYSIS = YES;
				CLANG_WARN_STRICT_PROTOTYPES = YES;
				CLANG_WARN_SUSPICIOUS_MOVE = YES;
				CLANG_WARN_UNGUARDED_AVAILABILITY = YES_AGGRESSIVE;
				CLANG_WARN_UNREACHABLE_CODE = YES;
				CLANG_WARN__DUPLICATE_METHOD_MATCH = YES;
				COPY_PHASE_STRIP = NO;
				DEBUG_INFORMATION_FORMAT = "dwarf-with-dsym";
				ENABLE_NS_ASSERTIONS = NO;
				ENABLE_STRICT_OBJC_MSGSEND = YES;
				ENABLE_USER_SCRIPT_SANDBOXING = YES;
				GCC_C_LANGUAGE_STANDARD = gnu17;
				GCC_NO_COMMON_BLOCKS = YES;
				GCC_WARN_64_TO_32_BIT_CONVERSION = YES;
				GCC_WARN_ABOUT_RETURN_TYPE = YES_ERROR;
				GCC_WARN_UNDECLARED_SELECTOR = YES;
				GCC_WARN_UNINITIALIZED_AUTOS = YES_AGGRESSIVE;
				GCC_WARN_UNUSED_FUNCTION = YES;
				GCC_WARN_UNUSED_VARIABLE = YES;
				IPHONEOS_DEPLOYMENT_TARGET = 17.2;
				LOCALIZATION_PREFERS_STRING_CATALOGS = YES;
				MTL_ENABLE_DEBUG_INFO = NO;
				MTL_FAST_MATH = YES;
				SDKROOT = iphoneos;
				SWIFT_COMPILATION_MODE = wholemodule;
				VALIDATE_PRODUCT = YES;
			};
			name = Release;
		};
		243863CE2B7CF6DD0031F3CD /* Debug */ = {
			isa = XCBuildConfiguration;
			buildSettings = {
				ASSETCATALOG_COMPILER_APPICON_NAME = AppIcon;
				ASSETCATALOG_COMPILER_GLOBAL_ACCENT_COLOR_NAME = AccentColor;
				CODE_SIGN_STYLE = Automatic;
				CURRENT_PROJECT_VERSION = 1;
				DEVELOPMENT_ASSET_PATHS = "\"Weather/Preview Content\"";
				DEVELOPMENT_TEAM = DJ4HTA4RKP;
				ENABLE_PREVIEWS = YES;
				GENERATE_INFOPLIST_FILE = YES;
				INFOPLIST_KEY_UIApplicationSceneManifest_Generation = YES;
				INFOPLIST_KEY_UIApplicationSupportsIndirectInputEvents = YES;
				INFOPLIST_KEY_UILaunchScreen_Generation = YES;
				INFOPLIST_KEY_UISupportedInterfaceOrientations_iPad = "UIInterfaceOrientationPortrait UIInterfaceOrientationPortraitUpsideDown UIInterfaceOrientationLandscapeLeft UIInterfaceOrientationLandscapeRight";
				INFOPLIST_KEY_UISupportedInterfaceOrientations_iPhone = "UIInterfaceOrientationPortrait UIInterfaceOrientationLandscapeLeft UIInterfaceOrientationLandscapeRight";
				LD_RUNPATH_SEARCH_PATHS = (
					"$(inherited)",
					"@executable_path/Frameworks",
				);
				MARKETING_VERSION = 1.0;
				PRODUCT_BUNDLE_IDENTIFIER = "com.venki-nyamagoudar.Weather";
				PRODUCT_NAME = "$(TARGET_NAME)";
				SWIFT_EMIT_LOC_STRINGS = YES;
				SWIFT_VERSION = 5.0;
				TARGETED_DEVICE_FAMILY = "1,2";
			};
			name = Debug;
		};
		243863CF2B7CF6DD0031F3CD /* Release */ = {
			isa = XCBuildConfiguration;
			buildSettings = {
				ASSETCATALOG_COMPILER_APPICON_NAME = AppIcon;
				ASSETCATALOG_COMPILER_GLOBAL_ACCENT_COLOR_NAME = AccentColor;
				CODE_SIGN_STYLE = Automatic;
				CURRENT_PROJECT_VERSION = 1;
				DEVELOPMENT_ASSET_PATHS = "\"Weather/Preview Content\"";
				DEVELOPMENT_TEAM = DJ4HTA4RKP;
				ENABLE_PREVIEWS = YES;
				GENERATE_INFOPLIST_FILE = YES;
				INFOPLIST_KEY_UIApplicationSceneManifest_Generation = YES;
				INFOPLIST_KEY_UIApplicationSupportsIndirectInputEvents = YES;
				INFOPLIST_KEY_UILaunchScreen_Generation = YES;
				INFOPLIST_KEY_UISupportedInterfaceOrientations_iPad = "UIInterfaceOrientationPortrait UIInterfaceOrientationPortraitUpsideDown UIInterfaceOrientationLandscapeLeft UIInterfaceOrientationLandscapeRight";
				INFOPLIST_KEY_UISupportedInterfaceOrientations_iPhone = "UIInterfaceOrientationPortrait UIInterfaceOrientationLandscapeLeft UIInterfaceOrientationLandscapeRight";
				LD_RUNPATH_SEARCH_PATHS = (
					"$(inherited)",
					"@executable_path/Frameworks",
				);
				MARKETING_VERSION = 1.0;
				PRODUCT_BUNDLE_IDENTIFIER = "com.venki-nyamagoudar.Weather";
				PRODUCT_NAME = "$(TARGET_NAME)";
				SWIFT_EMIT_LOC_STRINGS = YES;
				SWIFT_VERSION = 5.0;
				TARGETED_DEVICE_FAMILY = "1,2";
			};
			name = Release;
		};
		243863D12B7CF6DD0031F3CD /* Debug */ = {
			isa = XCBuildConfiguration;
			buildSettings = {
				ALWAYS_EMBED_SWIFT_STANDARD_LIBRARIES = YES;
				BUNDLE_LOADER = "$(TEST_HOST)";
				CODE_SIGN_STYLE = Automatic;
				CURRENT_PROJECT_VERSION = 1;
				DEVELOPMENT_TEAM = DJ4HTA4RKP;
				GENERATE_INFOPLIST_FILE = YES;
				IPHONEOS_DEPLOYMENT_TARGET = 17.2;
				MARKETING_VERSION = 1.0;
				PRODUCT_BUNDLE_IDENTIFIER = "com.venki-nyamagoudar.WeatherTests";
				PRODUCT_NAME = "$(TARGET_NAME)";
				SWIFT_EMIT_LOC_STRINGS = NO;
				SWIFT_VERSION = 5.0;
				TARGETED_DEVICE_FAMILY = "1,2";
				TEST_HOST = "$(BUILT_PRODUCTS_DIR)/Weather.app/$(BUNDLE_EXECUTABLE_FOLDER_PATH)/Weather";
			};
			name = Debug;
		};
		243863D22B7CF6DD0031F3CD /* Release */ = {
			isa = XCBuildConfiguration;
			buildSettings = {
				ALWAYS_EMBED_SWIFT_STANDARD_LIBRARIES = YES;
				BUNDLE_LOADER = "$(TEST_HOST)";
				CODE_SIGN_STYLE = Automatic;
				CURRENT_PROJECT_VERSION = 1;
				DEVELOPMENT_TEAM = DJ4HTA4RKP;
				GENERATE_INFOPLIST_FILE = YES;
				IPHONEOS_DEPLOYMENT_TARGET = 17.2;
				MARKETING_VERSION = 1.0;
				PRODUCT_BUNDLE_IDENTIFIER = "com.venki-nyamagoudar.WeatherTests";
				PRODUCT_NAME = "$(TARGET_NAME)";
				SWIFT_EMIT_LOC_STRINGS = NO;
				SWIFT_VERSION = 5.0;
				TARGETED_DEVICE_FAMILY = "1,2";
				TEST_HOST = "$(BUILT_PRODUCTS_DIR)/Weather.app/$(BUNDLE_EXECUTABLE_FOLDER_PATH)/Weather";
			};
			name = Release;
		};
		243863D42B7CF6DD0031F3CD /* Debug */ = {
			isa = XCBuildConfiguration;
			buildSettings = {
				ALWAYS_EMBED_SWIFT_STANDARD_LIBRARIES = YES;
				CODE_SIGN_STYLE = Automatic;
				CURRENT_PROJECT_VERSION = 1;
				DEVELOPMENT_TEAM = DJ4HTA4RKP;
				GENERATE_INFOPLIST_FILE = YES;
				MARKETING_VERSION = 1.0;
				PRODUCT_BUNDLE_IDENTIFIER = "com.venki-nyamagoudar.WeatherUITests";
				PRODUCT_NAME = "$(TARGET_NAME)";
				SWIFT_EMIT_LOC_STRINGS = NO;
				SWIFT_VERSION = 5.0;
				TARGETED_DEVICE_FAMILY = "1,2";
				TEST_TARGET_NAME = Weather;
			};
			name = Debug;
		};
		243863D52B7CF6DD0031F3CD /* Release */ = {
			isa = XCBuildConfiguration;
			buildSettings = {
				ALWAYS_EMBED_SWIFT_STANDARD_LIBRARIES = YES;
				CODE_SIGN_STYLE = Automatic;
				CURRENT_PROJECT_VERSION = 1;
				DEVELOPMENT_TEAM = DJ4HTA4RKP;
				GENERATE_INFOPLIST_FILE = YES;
				MARKETING_VERSION = 1.0;
				PRODUCT_BUNDLE_IDENTIFIER = "com.venki-nyamagoudar.WeatherUITests";
				PRODUCT_NAME = "$(TARGET_NAME)";
				SWIFT_EMIT_LOC_STRINGS = NO;
				SWIFT_VERSION = 5.0;
				TARGETED_DEVICE_FAMILY = "1,2";
				TEST_TARGET_NAME = Weather;
			};
			name = Release;
		};
/* End XCBuildConfiguration section */

/* Begin XCConfigurationList section */
		243863A42B7CF6DA0031F3CD /* Build configuration list for PBXProject "Weather" */ = {
			isa = XCConfigurationList;
			buildConfigurations = (
				243863CB2B7CF6DD0031F3CD /* Debug */,
				243863CC2B7CF6DD0031F3CD /* Release */,
			);
			defaultConfigurationIsVisible = 0;
			defaultConfigurationName = Release;
		};
		243863CD2B7CF6DD0031F3CD /* Build configuration list for PBXNativeTarget "Weather" */ = {
			isa = XCConfigurationList;
			buildConfigurations = (
				243863CE2B7CF6DD0031F3CD /* Debug */,
				243863CF2B7CF6DD0031F3CD /* Release */,
			);
			defaultConfigurationIsVisible = 0;
			defaultConfigurationName = Release;
		};
		243863D02B7CF6DD0031F3CD /* Build configuration list for PBXNativeTarget "WeatherTests" */ = {
			isa = XCConfigurationList;
			buildConfigurations = (
				243863D12B7CF6DD0031F3CD /* Debug */,
				243863D22B7CF6DD0031F3CD /* Release */,
			);
			defaultConfigurationIsVisible = 0;
			defaultConfigurationName = Release;
		};
		243863D32B7CF6DD0031F3CD /* Build configuration list for PBXNativeTarget "WeatherUITests" */ = {
			isa = XCConfigurationList;
			buildConfigurations = (
				243863D42B7CF6DD0031F3CD /* Debug */,
				243863D52B7CF6DD0031F3CD /* Release */,
			);
			defaultConfigurationIsVisible = 0;
			defaultConfigurationName = Release;
		};
/* End XCConfigurationList section */

/* Begin XCRemoteSwiftPackageReference section */
		24E30B442B809B7F00E8784B /* XCRemoteSwiftPackageReference "ios-weather-ui" */ = {
			isa = XCRemoteSwiftPackageReference;
			repositoryURL = "https://github.com/venkinyamagoudar/ios-weather-ui.git";
			requirement = {
				kind = upToNextMajorVersion;
				minimumVersion = 1.0.0;
			};
		};
/* End XCRemoteSwiftPackageReference section */

/* Begin XCSwiftPackageProductDependency section */
		24E30B452B809B7F00E8784B /* ios-weather-ui */ = {
			isa = XCSwiftPackageProductDependency;
			package = 24E30B442B809B7F00E8784B /* XCRemoteSwiftPackageReference "ios-weather-ui" */;
			productName = "ios-weather-ui";
		};
/* End XCSwiftPackageProductDependency section */
	};
	rootObject = 243863A12B7CF6DA0031F3CD /* Project object */;
}
